{
  "requires": true,
  "lockfileVersion": 1,
  "dependencies": {
    "react-pagination-library": {
      "version": "0.1.14",
      "resolved": "https://registry.npmjs.org/react-pagination-library/-/react-pagination-library-0.1.14.tgz",
      "integrity": "sha512-1IQt5ia45FIJMXaaOldtS7r2tSPMtvgJASLA5mS63iDkweTLQ24tDzXoOcEKhSi7y4+JcjhyB2UiKhmdsRNpOQ=="
    }
  }
}
